
Microsoft Visual Studio Solution File, Format Version 12.00
# Visual Studio Version 17
VisualStudioVersion = 17.8.34408.163
MinimumVisualStudioVersion = 10.0.40219.1
Project("{FAE04EC0-301F-11D3-BF4B-00C04F79EFBC}") = "BankAccountNS", "BankAccountNS.csproj", "{ED192880-7AC3-4948-971E-BE3892794C01}"
EndProject
Project("{FAE04EC0-301F-11D3-BF4B-00C04F79EFBC}") = "BankAccountTestNS", "..\BankAccountTestNS\BankAccountTestNS.csproj", "{7B1EAEED-29B8-4510-9A1C-C828C1C8595E}"
	ProjectSection(ProjectDependencies) = postProject
		{ED192880-7AC3-4948-971E-BE3892794C01} = {ED192880-7AC3-4948-971E-BE3892794C01}
	EndProjectSection
EndProject
Global
	GlobalSection(SolutionConfigurationPlatforms) = preSolution
		Debug|Any CPU = Debug|Any CPU
		Release|Any CPU = Release|Any CPU
	EndGlobalSection
	GlobalSection(ProjectConfigurationPlatforms) = postSolution
		{ED192880-7AC3-4948-971E-BE3892794C01}.Debug|Any CPU.ActiveCfg = Debug|Any CPU
		{ED192880-7AC3-4948-971E-BE3892794C01}.Debug|Any CPU.Build.0 = Debug|Any CPU
		{ED192880-7AC3-4948-971E-BE3892794C01}.Release|Any CPU.ActiveCfg = Release|Any CPU
		{ED192880-7AC3-4948-971E-BE3892794C01}.Release|Any CPU.Build.0 = Release|Any CPU
		{7B1EAEED-29B8-4510-9A1C-C828C1C8595E}.Debug|Any CPU.ActiveCfg = Debug|Any CPU
		{7B1EAEED-29B8-4510-9A1C-C828C1C8595E}.Debug|Any CPU.Build.0 = Debug|Any CPU
		{7B1EAEED-29B8-4510-9A1C-C828C1C8595E}.Release|Any CPU.ActiveCfg = Release|Any CPU
		{7B1EAEED-29B8-4510-9A1C-C828C1C8595E}.Release|Any CPU.Build.0 = Release|Any CPU
	EndGlobalSection
	GlobalSection(SolutionProperties) = preSolution
		HideSolutionNode = FALSE
	EndGlobalSection
	GlobalSection(ExtensibilityGlobals) = postSolution
		SolutionGuid = {28F84435-5184-4272-A8BE-A8B414AA8E3F}
	EndGlobalSection
EndGlobal
